
Microsoft Visual Studio Solution File, Format Version 12.00
# Visual Studio 15
VisualStudioVersion = 15.0.28307.645
MinimumVisualStudioVersion = 10.0.40219.1
Project("{9A19103F-16F7-4668-BE54-9A1E7A4F7556}") = "FactoryPattern", "FactoryPattern\FactoryPattern.csproj", "{0E9AE47D-7532-48F5-ABE4-C329993CDF9A}"
EndProject
Project("{FAE04EC0-301F-11D3-BF4B-00C04F79EFBC}") = "FactoryPattern.Client", "FactoryPattern.Client\FactoryPattern.Client.csproj", "{BB8E92DB-EACB-4B46-B6B0-758C1E55F0B1}"
EndProject
Project("{FAE04EC0-301F-11D3-BF4B-00C04F79EFBC}") = "FactoryComparor", "FactoryComparor\FactoryComparor.csproj", "{615E1B1C-8C1F-48BE-BDC7-322AD574FE29}"
EndProject
Project("{FAE04EC0-301F-11D3-BF4B-00C04F79EFBC}") = "FactoryTest", "FactoryTest\FactoryTest.csproj", "{7AB652BF-9C46-44A2-A923-2F57E34EBB8F}"
EndProject
Global
	GlobalSection(SolutionConfigurationPlatforms) = preSolution
		Debug|Any CPU = Debug|Any CPU
		Release|Any CPU = Release|Any CPU
	EndGlobalSection
	GlobalSection(ProjectConfigurationPlatforms) = postSolution
		{0E9AE47D-7532-48F5-ABE4-C329993CDF9A}.Debug|Any CPU.ActiveCfg = Debug|Any CPU
		{0E9AE47D-7532-48F5-ABE4-C329993CDF9A}.Debug|Any CPU.Build.0 = Debug|Any CPU
		{0E9AE47D-7532-48F5-ABE4-C329993CDF9A}.Release|Any CPU.ActiveCfg = Release|Any CPU
		{0E9AE47D-7532-48F5-ABE4-C329993CDF9A}.Release|Any CPU.Build.0 = Release|Any CPU
		{BB8E92DB-EACB-4B46-B6B0-758C1E55F0B1}.Debug|Any CPU.ActiveCfg = Debug|Any CPU
		{BB8E92DB-EACB-4B46-B6B0-758C1E55F0B1}.Debug|Any CPU.Build.0 = Debug|Any CPU
		{BB8E92DB-EACB-4B46-B6B0-758C1E55F0B1}.Release|Any CPU.ActiveCfg = Release|Any CPU
		{BB8E92DB-EACB-4B46-B6B0-758C1E55F0B1}.Release|Any CPU.Build.0 = Release|Any CPU
		{615E1B1C-8C1F-48BE-BDC7-322AD574FE29}.Debug|Any CPU.ActiveCfg = Debug|Any CPU
		{615E1B1C-8C1F-48BE-BDC7-322AD574FE29}.Debug|Any CPU.Build.0 = Debug|Any CPU
		{615E1B1C-8C1F-48BE-BDC7-322AD574FE29}.Release|Any CPU.ActiveCfg = Release|Any CPU
		{615E1B1C-8C1F-48BE-BDC7-322AD574FE29}.Release|Any CPU.Build.0 = Release|Any CPU
		{7AB652BF-9C46-44A2-A923-2F57E34EBB8F}.Debug|Any CPU.ActiveCfg = Debug|Any CPU
		{7AB652BF-9C46-44A2-A923-2F57E34EBB8F}.Debug|Any CPU.Build.0 = Debug|Any CPU
		{7AB652BF-9C46-44A2-A923-2F57E34EBB8F}.Release|Any CPU.ActiveCfg = Release|Any CPU
		{7AB652BF-9C46-44A2-A923-2F57E34EBB8F}.Release|Any CPU.Build.0 = Release|Any CPU
	EndGlobalSection
	GlobalSection(SolutionProperties) = preSolution
		HideSolutionNode = FALSE
	EndGlobalSection
	GlobalSection(ExtensibilityGlobals) = postSolution
		SolutionGuid = {A6CAA998-44DA-444B-835F-9271A503644B}
	EndGlobalSection
EndGlobal
